
Microsoft Visual Studio Solution File, Format Version 12.00
# Visual Studio Version 16
VisualStudioVersion = 16.0.29424.173
MinimumVisualStudioVersion = 10.0.40219.1
Project("{FAE04EC0-301F-11D3-BF4B-00C04F79EFBC}") = "TuplesTLAS", "TuplesTLAS\TuplesTLAS.csproj", "{117523EB-D3E7-4787-AC2C-298DFFC150DD}"
EndProject
Project("{FAE04EC0-301F-11D3-BF4B-00C04F79EFBC}") = "TuplesTLASTests", "TuplesTLASTests\TuplesTLASTests.csproj", "{58677BD5-4396-496C-B0E7-FBD40132085F}"
EndProject
Global
	GlobalSection(SolutionConfigurationPlatforms) = preSolution
		Debug|Any CPU = Debug|Any CPU
		Release|Any CPU = Release|Any CPU
	EndGlobalSection
	GlobalSection(ProjectConfigurationPlatforms) = postSolution
		{117523EB-D3E7-4787-AC2C-298DFFC150DD}.Debug|Any CPU.ActiveCfg = Debug|Any CPU
		{117523EB-D3E7-4787-AC2C-298DFFC150DD}.Debug|Any CPU.Build.0 = Debug|Any CPU
		{117523EB-D3E7-4787-AC2C-298DFFC150DD}.Release|Any CPU.ActiveCfg = Release|Any CPU
		{117523EB-D3E7-4787-AC2C-298DFFC150DD}.Release|Any CPU.Build.0 = Release|Any CPU
		{58677BD5-4396-496C-B0E7-FBD40132085F}.Debug|Any CPU.ActiveCfg = Debug|Any CPU
		{58677BD5-4396-496C-B0E7-FBD40132085F}.Debug|Any CPU.Build.0 = Debug|Any CPU
		{58677BD5-4396-496C-B0E7-FBD40132085F}.Release|Any CPU.ActiveCfg = Release|Any CPU
		{58677BD5-4396-496C-B0E7-FBD40132085F}.Release|Any CPU.Build.0 = Release|Any CPU
	EndGlobalSection
	GlobalSection(SolutionProperties) = preSolution
		HideSolutionNode = FALSE
	EndGlobalSection
	GlobalSection(ExtensibilityGlobals) = postSolution
		SolutionGuid = {B46A8FEA-8EBF-4AD6-8034-79C3A134C021}
	EndGlobalSection
EndGlobal
